
Microsoft Visual Studio Solution File, Format Version 12.00
# Visual Studio Version 17
VisualStudioVersion = 17.9.34616.47
MinimumVisualStudioVersion = 10.0.40219.1
Project("{9A19103F-16F7-4668-BE54-9A1E7A4F7556}") = "APIRest", "APIRest\APIRest.csproj", "{98DB25B2-016C-463F-81C3-B4F54A1DC34B}"
EndProject
Project("{9A19103F-16F7-4668-BE54-9A1E7A4F7556}") = "Repositories", "Repositories\Repositories.csproj", "{023312E6-DF0E-402C-BF73-5EC1EC076605}"
EndProject
Project("{9A19103F-16F7-4668-BE54-9A1E7A4F7556}") = "Services", "Services\Services.csproj", "{D5D41F54-E370-4B69-8C4D-110E2C6F2CF9}"
EndProject
Project("{9A19103F-16F7-4668-BE54-9A1E7A4F7556}") = "Utils", "Utils\Utils.csproj", "{EE4BD46A-3B57-43E1-AFEE-DA391D1EDAC2}"
EndProject
Global
	GlobalSection(SolutionConfigurationPlatforms) = preSolution
		Debug|Any CPU = Debug|Any CPU
		Release|Any CPU = Release|Any CPU
	EndGlobalSection
	GlobalSection(ProjectConfigurationPlatforms) = postSolution
		{98DB25B2-016C-463F-81C3-B4F54A1DC34B}.Debug|Any CPU.ActiveCfg = Debug|Any CPU
		{98DB25B2-016C-463F-81C3-B4F54A1DC34B}.Debug|Any CPU.Build.0 = Debug|Any CPU
		{98DB25B2-016C-463F-81C3-B4F54A1DC34B}.Release|Any CPU.ActiveCfg = Release|Any CPU
		{98DB25B2-016C-463F-81C3-B4F54A1DC34B}.Release|Any CPU.Build.0 = Release|Any CPU
		{023312E6-DF0E-402C-BF73-5EC1EC076605}.Debug|Any CPU.ActiveCfg = Debug|Any CPU
		{023312E6-DF0E-402C-BF73-5EC1EC076605}.Debug|Any CPU.Build.0 = Debug|Any CPU
		{023312E6-DF0E-402C-BF73-5EC1EC076605}.Release|Any CPU.ActiveCfg = Release|Any CPU
		{023312E6-DF0E-402C-BF73-5EC1EC076605}.Release|Any CPU.Build.0 = Release|Any CPU
		{D5D41F54-E370-4B69-8C4D-110E2C6F2CF9}.Debug|Any CPU.ActiveCfg = Debug|Any CPU
		{D5D41F54-E370-4B69-8C4D-110E2C6F2CF9}.Debug|Any CPU.Build.0 = Debug|Any CPU
		{D5D41F54-E370-4B69-8C4D-110E2C6F2CF9}.Release|Any CPU.ActiveCfg = Release|Any CPU
		{D5D41F54-E370-4B69-8C4D-110E2C6F2CF9}.Release|Any CPU.Build.0 = Release|Any CPU
		{EE4BD46A-3B57-43E1-AFEE-DA391D1EDAC2}.Debug|Any CPU.ActiveCfg = Debug|Any CPU
		{EE4BD46A-3B57-43E1-AFEE-DA391D1EDAC2}.Debug|Any CPU.Build.0 = Debug|Any CPU
		{EE4BD46A-3B57-43E1-AFEE-DA391D1EDAC2}.Release|Any CPU.ActiveCfg = Release|Any CPU
		{EE4BD46A-3B57-43E1-AFEE-DA391D1EDAC2}.Release|Any CPU.Build.0 = Release|Any CPU
	EndGlobalSection
	GlobalSection(SolutionProperties) = preSolution
		HideSolutionNode = FALSE
	EndGlobalSection
	GlobalSection(ExtensibilityGlobals) = postSolution
		SolutionGuid = {B557EC64-E738-4264-A006-F7672D9A6F98}
	EndGlobalSection
EndGlobal
